
Microsoft Visual Studio Solution File, Format Version 12.00
# Visual Studio 2012
Project("{FAE04EC0-301F-11D3-BF4B-00C04F79EFBC}") = "GuitarProTabToXmlConverter", "GuitarProTabToXmlConverter\GuitarProTabToXmlConverter.csproj", "{53F484E1-F472-47FD-8268-7B72A8524C68}"
EndProject
Project("{FAE04EC0-301F-11D3-BF4B-00C04F79EFBC}") = "TabLib", "TabLib\TabLib.csproj", "{953F870B-6152-42D6-BFE9-E02592E5669F}"
EndProject
Global
	GlobalSection(SolutionConfigurationPlatforms) = preSolution
		Debug|Any CPU = Debug|Any CPU
		Release|Any CPU = Release|Any CPU
	EndGlobalSection
	GlobalSection(ProjectConfigurationPlatforms) = postSolution
		{53F484E1-F472-47FD-8268-7B72A8524C68}.Debug|Any CPU.ActiveCfg = Debug|Any CPU
		{53F484E1-F472-47FD-8268-7B72A8524C68}.Debug|Any CPU.Build.0 = Debug|Any CPU
		{53F484E1-F472-47FD-8268-7B72A8524C68}.Release|Any CPU.ActiveCfg = Release|Any CPU
		{53F484E1-F472-47FD-8268-7B72A8524C68}.Release|Any CPU.Build.0 = Release|Any CPU
		{953F870B-6152-42D6-BFE9-E02592E5669F}.Debug|Any CPU.ActiveCfg = Debug|Any CPU
		{953F870B-6152-42D6-BFE9-E02592E5669F}.Debug|Any CPU.Build.0 = Debug|Any CPU
		{953F870B-6152-42D6-BFE9-E02592E5669F}.Release|Any CPU.ActiveCfg = Release|Any CPU
		{953F870B-6152-42D6-BFE9-E02592E5669F}.Release|Any CPU.Build.0 = Release|Any CPU
	EndGlobalSection
	GlobalSection(SolutionProperties) = preSolution
		HideSolutionNode = FALSE
	EndGlobalSection
EndGlobal
